{
  "version": 2,
  "dependencies": {
    "net10.0-windows10.0.19041": {
      "Microsoft.AspNetCore.Components.WebView": {
        "type": "Direct",
        "requested": "[10.0.12, )",
        "resolved": "10.0.12",
        "contentHash": "sapiTzLbSDmJhhCohiK/cVQGvyOi05CV1I4nF9WlVGC2qWLPlOkn5Ct8MZM+zxTe1nsv9jjRlgK+f4xtzUywuw==",
        "dependencies": {
          "Microsoft.AspNetCore.Components.Web": "10.0.12",
          "Microsoft.Extensions.Configuration.Binder": "10.0.12",
          "Microsoft.Extensions.Configuration.Json": "10.0.12",
          "Microsoft.Extensions.FileProviders.Composite": "10.0.12",
          "Microsoft.Extensions.FileProviders.Embedded": "10.0.12",
          "Microsoft.Extensions.Logging": "10.0.12"
        }
      },
      "Microsoft.AspNetCore.Components.WebView.Maui": {
        "type": "Direct",
        "requested": "[10.0.101, )",
        "resolved": "10.0.101",
        "contentHash": "5FoC9ZaNcbaBzbHS+gF2Ob3mCpGYGjon0+0ewlz2uyBXyLMdNkduvZ5FgUQZJmX70XXdqTMYfrRwOYyEIuZAkA==",
        "dependencies": {
          "Microsoft.AspNetCore.Authorization": "10.0.0",
          "Microsoft.AspNetCore.Components.WebView": "10.0.0",
          "Microsoft.JSInterop": "10.0.0"
        }
      },
      "Microsoft.Maui.Controls": {
        "type": "Direct",
        "requested": "[10.0.101, )",
        "resolved": "10.0.101",
        "contentHash": "2rgDm0YypMg9MyUSww2YWRYbZYwBHepQu/spIukyR+bOHBJ6IRAyC8AVY0VxCi9BGQZL2p5gp6Y6vusoBE/xgA==",
        "dependencies": {
          "Microsoft.Maui.Controls.Build.Tasks": "10.0.101",
          "Microsoft.Maui.Controls.Core": "10.0.101",
          "Microsoft.Maui.Controls.Xaml": "10.0.101",
          "Microsoft.Maui.Resizetizer": "10.0.101"
        }
      },
      "Microsoft.Web.WebView2": {
        "type": "Direct",
        "requested": "[1.0.4191.47, )",
        "resolved": "1.0.4191.47",
        "contentHash": "Snb6mlTpuz6ZFjWMwIdg28Xp6kAUMy3zaLUyGbFSaw+/AJKlwoX8EiaWJ1eUMfKyJHksPkFjJHl1LIB7kX+0AQ=="
      },
      "AngleSharp": {
        "type": "Transitive",
        "resolved": "1.7.2",
        "contentHash": "r1rb5Qo/0KPzmP0nbSiXPDVfh4Ctu0B+y1RyyUq73g4sgAmEW7q10RDyTq2ZsILwtO9O2LAvMrUles7eD4zz1g=="
      },
      "AngleSharp.Css": {
        "type": "Transitive",
        "resolved": "1.0.2",
        "contentHash": "XeBxh0h/73+MWFsGfeMwiK7xbzAK3YeHFdUIrMH1P90amIrDFD/vUDIrPlF3CixqaMH5MRIUvT6Ux+2zvhJ3SA==",
        "dependencies": {
          "AngleSharp": "[1.5.0, 2.0.0)"
        }
      },
      "Microsoft.AspNetCore.Authorization": {
        "type": "Transitive",
        "resolved": "10.0.12",
        "contentHash": "k4UspALZJWyBlb4rGPjMYO3p1/muEN6cJZTlWPfoRFU/LRP4fx1m19imWI/i/x7Sh9kNnldqlq+DU6w8pPnOtQ==",
        "dependencies": {
          "Microsoft.AspNetCore.Metadata": "10.0.12",
          "Microsoft.Extensions.Diagnostics": "10.0.12",
          "Microsoft.Extensions.Logging.Abstractions": "10.0.12",
          "Microsoft.Extensions.Options": "10.0.12"
        }
      },
      "Microsoft.AspNetCore.Components": {
        "type": "Transitive",
        "resolved": "10.0.12",
        "contentHash": "NyGmmcvuo3fYpFDJKpKLHDqVfS0egBgx2E6d+oIeN0bu573INc6m8RWtFwkD+pDd8l34XkJKjO2vAOgEaeZUUg==",
        "dependencies": {
          "Microsoft.AspNetCore.Authorization": "10.0.12",
          "Microsoft.AspNetCore.Components.Analyzers": "10.0.12"
        }
      },
      "Microsoft.AspNetCore.Components.Analyzers": {
        "type": "Transitive",
        "resolved": "10.0.12",
        "contentHash": "XXK/4sZejrRUFmm1uU6iSwcsfzURFpqXRzm3ycALmgmk8zl6HwXFMKjPgrO5azVPlrHeNPYRftMukjbwD4fa1w=="
      },
      "Microsoft.AspNetCore.Components.Forms": {
        "type": "Transitive",
        "resolved": "10.0.12",
        "contentHash": "11XKiT7Bmj4U87PGYUjX+SsgPClZZ9xsDQktERyxb5QgEyIEHHBbCGSADXHpZ2+b5Xpq7HvHvHdWEwD+XByE0Q==",
        "dependencies": {
          "Microsoft.AspNetCore.Components": "10.0.12",
          "Microsoft.Extensions.Validation": "10.0.12"
        }
      },
      "Microsoft.AspNetCore.Metadata": {
        "type": "Transitive",
        "resolved": "10.0.12",
        "contentHash": "KxeBBg1dEf3/Qr3VzghQIG5WDl8v4a+Kzr1pizRVidi5qMm+ymHYSB6vfO9tL20AXv1a5prQtwNQZqTfdeFYCQ=="
      },
      "Microsoft.Extensions.Configuration": {
        "type": "Transitive",
        "resolved": "10.0.12",
        "contentHash": "e3IPP32CRNL031VZJAUTlCTG0YN7WFh4mN3fsSHTDQCJB+3+f0jGycv4fXk3rrftaY3B85XrQaj7sRthrOsavg==",
        "dependencies": {
          "Microsoft.Extensions.Configuration.Abstractions": "10.0.12",
          "Microsoft.Extensions.Primitives": "10.0.12"
        }
      },
      "Microsoft.Extensions.Configuration.Abstractions": {
        "type": "Transitive",
        "resolved": "10.0.12",
        "contentHash": "8xaGcvS/qZ1otoxPQCEJkNva389CVL/plNcvIETZhQTETYdRkYDPEYhUMoAGONo4FU45ufdfE0j29AfWVVj0wA==",
        "dependencies": {
          "Microsoft.Extensions.Primitives": "10.0.12"
        }
      },
      "Microsoft.Extensions.Configuration.Binder": {
        "type": "Transitive",
        "resolved": "10.0.12",
        "contentHash": "dAgIf1TOr8KLs+aBRIbXUZBjHoSH4rDG8+XkX/Q6AZwkQdMA0+yPDKTHsieeXdZDfpOpZVHzOnuAb5Z2nX3KsA==",
        "dependencies": {
          "Microsoft.Extensions.Configuration": "10.0.12",
          "Microsoft.Extensions.Configuration.Abstractions": "10.0.12"
        }
      },
      "Microsoft.Extensions.Configuration.FileExtensions": {
        "type": "Transitive",
        "resolved": "10.0.12",
        "contentHash": "PNPS7yYH9U2M0dExn0tMkQFVtE53xTlCs/dgTfsWTTFyCF6qwGT3VrTgm2nnnkSRlSmvM9/J+n9xCpyzd9xTpQ==",
        "dependencies": {
          "Microsoft.Extensions.Configuration": "10.0.12",
          "Microsoft.Extensions.Configuration.Abstractions": "10.0.12",
          "Microsoft.Extensions.FileProviders.Abstractions": "10.0.12",
          "Microsoft.Extensions.FileProviders.Physical": "10.0.12",
          "Microsoft.Extensions.Primitives": "10.0.12"
        }
      },
      "Microsoft.Extensions.Configuration.Json": {
        "type": "Transitive",
        "resolved": "10.0.12",
        "contentHash": "H4u2ZeIhjmRQvbHj7S7U4MK1kXb0khx3UtOWcir32VHczdFyIVF0lvHew/VVHmCF7Uk0QseAUaO7HyFKOCSiKA==",
        "dependencies": {
          "Microsoft.Extensions.Configuration": "10.0.12",
          "Microsoft.Extensions.Configuration.Abstractions": "10.0.12",
          "Microsoft.Extensions.Configuration.FileExtensions": "10.0.12",
          "Microsoft.Extensions.FileProviders.Abstractions": "10.0.12"
        }
      },
      "Microsoft.Extensions.DependencyInjection": {
        "type": "Transitive",
        "resolved": "10.0.12",
        "contentHash": "lXyK2O5GoYvfxW8eCFcD16JFbcoSTM1sJkAM0UHS1jZyl9NYMW64Tqm6OQFT0IDBjZi+xHt95/Zg+nxZhGFhZg==",
        "dependencies": {
          "Microsoft.Extensions.DependencyInjection.Abstractions": "10.0.12"
        }
      },
      "Microsoft.Extensions.DependencyInjection.Abstractions": {
        "type": "Transitive",
        "resolved": "10.0.12",
        "contentHash": "9/qymSh7hVDMGTGwrLz8MRp5zRyXy9adGDOs4HwRdnLil3oZGYuWeZjbmHgCQ9BL1qBroVfgUK3U/nb61617Cw=="
      },
      "Microsoft.Extensions.Diagnostics": {
        "type": "Transitive",
        "resolved": "10.0.12",
        "contentHash": "amx0O/R4dReqKlC3T740+CHpX8D8tAIV0f5kAPfFi4XK9jYo9BSepGt9/rWfvvCoSMaZ1+XvnqPp/Vv2fmTdAg==",
        "dependencies": {
          "Microsoft.Extensions.Configuration": "10.0.12",
          "Microsoft.Extensions.Diagnostics.Abstractions": "10.0.12",
          "Microsoft.Extensions.Options.ConfigurationExtensions": "10.0.12"
        }
      },
      "Microsoft.Extensions.Diagnostics.Abstractions": {
        "type": "Transitive",
        "resolved": "10.0.12",
        "contentHash": "fMp91qlRlMOuHfMyp7LuAnOS+MOeWTF1obJmyFcs4nZCXu6pr+QB1AbFJcl2qpBltBrqF/Y7+Rn9IuNcSuctig==",
        "dependencies": {
          "Microsoft.Extensions.DependencyInjection.Abstractions": "10.0.12",
          "Microsoft.Extensions.Options": "10.0.12"
        }
      },
      "Microsoft.Extensions.FileProviders.Abstractions": {
        "type": "Transitive",
        "resolved": "10.0.12",
        "contentHash": "iQseV6HixWzEYQH4i++84ToIroXnM5jC1TJF4EqBz3lWNG1HBTMYDLkRb6Wm3wk5V6WqSfl7NukO/LYsloGyfg==",
        "dependencies": {
          "Microsoft.Extensions.Primitives": "10.0.12"
        }
      },
      "Microsoft.Extensions.FileProviders.Composite": {
        "type": "Transitive",
        "resolved": "10.0.12",
        "contentHash": "aGcRbmPF1vCeYwos7ly2g7GK2A3ElXnFoEYL7sOFj46pPg5iFf/CfaUv2nDuiYv6pFKLxTi3nQoHGVlLjl2f4Q==",
        "dependencies": {
          "Microsoft.Extensions.FileProviders.Abstractions": "10.0.12",
          "Microsoft.Extensions.Primitives": "10.0.12"
        }
      },
      "Microsoft.Extensions.FileProviders.Embedded": {
        "type": "Transitive",
        "resolved": "10.0.12",
        "contentHash": "u9y/tTPnkv+lsIqN4NRjhzh5XGv7pPCXjPEdbYVK9daidg+xFFEHv//gTlrjZJAKLMcHbArnCU/wVl0KrPJEJA==",
        "dependencies": {
          "Microsoft.Extensions.FileProviders.Abstractions": "10.0.12"
        }
      },
      "Microsoft.Extensions.FileProviders.Physical": {
        "type": "Transitive",
        "resolved": "10.0.12",
        "contentHash": "3cY+wo2+Qe65BVwShhr2fFqZv5Ns73h3kX4mpW3WvSgfT3AWCk0hKArKW4TF7Dg3mvbJdA6RhWPW7FR+PS5/1w==",
        "dependencies": {
          "Microsoft.Extensions.FileProviders.Abstractions": "10.0.12",
          "Microsoft.Extensions.FileSystemGlobbing": "10.0.12",
          "Microsoft.Extensions.Primitives": "10.0.12"
        }
      },
      "Microsoft.Extensions.FileSystemGlobbing": {
        "type": "Transitive",
        "resolved": "10.0.12",
        "contentHash": "45cV+UeI0chPAIXrx9Wv7K4PJXuuIR2pnOur5MOAo6kOFclBHSLLDrvGAxMfWRMtUvpv/kQZkxlgaUN56jwzSQ=="
      },
      "Microsoft.Extensions.Hosting.Abstractions": {
        "type": "Transitive",
        "resolved": "10.0.0",
        "contentHash": "KrN6TGFwCwqOkLLk/idW/XtDQh+8In+CL9T4M1Dx+5ScsjTq4TlVbal8q532m82UYrMr6RiQJF2HvYCN0QwVsA==",
        "dependencies": {
          "Microsoft.Extensions.Configuration.Abstractions": "10.0.0",
          "Microsoft.Extensions.DependencyInjection.Abstractions": "10.0.0",
          "Microsoft.Extensions.Diagnostics.Abstractions": "10.0.0",
          "Microsoft.Extensions.FileProviders.Abstractions": "10.0.0",
          "Microsoft.Extensions.Logging.Abstractions": "10.0.0"
        }
      },
      "Microsoft.Extensions.Localization.Abstractions": {
        "type": "Transitive",
        "resolved": "10.0.12",
        "contentHash": "yB5BhsXB6wD0R1dTYtrI+YleVynL1XiVLbsO+QHw+bFsPAqH7SX1EPDaXpVNhuKtHRFSRfaL2B9aUDsUq2tc8Q=="
      },
      "Microsoft.Extensions.Logging": {
        "type": "Transitive",
        "resolved": "10.0.12",
        "contentHash": "6I46fTPfgYkrjRYfRXbho9WOvOelTnNjWuZws/hzGHDASH1LEJeA4VKK9k3wJvido8o7jJSB5WkMTonX7HM1bA==",
        "dependencies": {
          "Microsoft.Extensions.DependencyInjection": "10.0.12",
          "Microsoft.Extensions.Logging.Abstractions": "10.0.12",
          "Microsoft.Extensions.Options": "10.0.12"
        }
      },
      "Microsoft.Extensions.Logging.Abstractions": {
        "type": "Transitive",
        "resolved": "10.0.12",
        "contentHash": "+24lC4plfbEDNfLAdTV/SWKS7dW+16X4HdydO3R++134kSNTzcbYA4KpR1Hdh6uWisB8Za3AzwyOn+K+NxWIug==",
        "dependencies": {
          "Microsoft.Extensions.DependencyInjection.Abstractions": "10.0.12"
        }
      },
      "Microsoft.Extensions.Options": {
        "type": "Transitive",
        "resolved": "10.0.12",
        "contentHash": "TDYD33TSRpXKZWlmTXNlj5kCihxatmv2Ec1u6C+bMYLphCS7PoSLE9Pjd/nunDoE7yETk+LLKjVJX78HYtWjpA==",
        "dependencies": {
          "Microsoft.Extensions.DependencyInjection.Abstractions": "10.0.12",
          "Microsoft.Extensions.Primitives": "10.0.12"
        }
      },
      "Microsoft.Extensions.Options.ConfigurationExtensions": {
        "type": "Transitive",
        "resolved": "10.0.12",
        "contentHash": "rqpu4qj5WE9x1IHGXSIgHBKi7IUlQaHyp4aXCYIanG2OghlUMFZpZTgExaXwcvmLAJHsxKQWMPpc7D2WIbCVtA==",
        "dependencies": {
          "Microsoft.Extensions.Configuration.Abstractions": "10.0.12",
          "Microsoft.Extensions.Configuration.Binder": "10.0.12",
          "Microsoft.Extensions.DependencyInjection.Abstractions": "10.0.12",
          "Microsoft.Extensions.Options": "10.0.12",
          "Microsoft.Extensions.Primitives": "10.0.12"
        }
      },
      "Microsoft.Extensions.Primitives": {
        "type": "Transitive",
        "resolved": "10.0.12",
        "contentHash": "dYfCLR52UA+3DL7C4I/pvSaRPkNqxrUAQmbFL2u0zvYKKzqgrFCJl08Df+F1aYc8leu9JvpC9bsURUdpExcBXQ=="
      },
      "Microsoft.Extensions.Validation": {
        "type": "Transitive",
        "resolved": "10.0.12",
        "contentHash": "6aeYPe1BpiwZifwTQ07GzFrauMxRSh2lZC1oleWvaWB7afNR8cE8EvMuE6hP6X9yICVuKeBQC/jXhEGq1Y1QdQ==",
        "dependencies": {
          "Microsoft.Extensions.DependencyInjection.Abstractions": "10.0.12",
          "Microsoft.Extensions.Options": "10.0.12"
        }
      },
      "Microsoft.Graphics.Win2D": {
        "type": "Transitive",
        "resolved": "1.4.0",
        "contentHash": "/04yyf3xEOxeBK+SXxGB6OYLjXBVuujcLQF04mREcRcBT59IMI+oDbXOZZG2c/mJL8kKFC8r3wqz6MyA6IP3oA==",
        "dependencies": {
          "Microsoft.WindowsAppSDK.WinUI": "1.8.260204000"
        }
      },
      "Microsoft.IO.RecyclableMemoryStream": {
        "type": "Transitive",
        "resolved": "3.0.1",
        "contentHash": "s/s20YTVY9r9TPfTrN5g8zPF1YhwxyqO6PxUkrYTGI2B+OGPe9AdajWZrLhFqXIvqIW23fnUE4+ztrUWNU1+9g=="
      },
      "Microsoft.JSInterop": {
        "type": "Transitive",
        "resolved": "10.0.12",
        "contentHash": "bLgqhSs2YS3i2sOe8Mo11JzgdktB+/VADJXx2oSCE1crpg3RbFESn1mEBfiO4MjX9icW+An1zdGBFucIwIYwmA=="
      },
      "Microsoft.Maui.Controls.Build.Tasks": {
        "type": "Transitive",
        "resolved": "10.0.101",
        "contentHash": "cMM0NkF2CWBEteFs0Vde/GsP2ywzF4kXXSK5BD5fUDhno2hS+2tavQL85ZVcy04Aueaxg3789dPIwms8kLGFWg==",
        "dependencies": {
          "Microsoft.Maui.Controls.Core": "10.0.101",
          "Microsoft.Maui.Controls.Xaml": "10.0.101"
        }
      },
      "Microsoft.Maui.Controls.Core": {
        "type": "Transitive",
        "resolved": "10.0.101",
        "contentHash": "zwxoNytanyMw+SHavluYuvRKD9/sPdtF5q41VuvfIjw3Cy6/FwkgIbFxvhtxSZN8VD3DwkxE6Dc3L/eLwYdytQ==",
        "dependencies": {
          "Microsoft.Extensions.Configuration": "10.0.0",
          "Microsoft.Extensions.DependencyInjection": "10.0.0",
          "Microsoft.Extensions.Logging": "10.0.0",
          "Microsoft.Extensions.Logging.Abstractions": "10.0.0",
          "Microsoft.Maui.Core": "10.0.101"
        }
      },
      "Microsoft.Maui.Controls.Xaml": {
        "type": "Transitive",
        "resolved": "10.0.101",
        "contentHash": "A3IaoDBvGFUn0maYSLRYxVotnCVkCL1+3RxA6XhmEQNhQ3ETx//gksXRGksL8d3jFPwwTaxA2pDbcN3KIr2Pqg==",
        "dependencies": {
          "Microsoft.Extensions.Configuration": "10.0.0",
          "Microsoft.Maui.Controls.Core": "10.0.101",
          "Microsoft.Maui.Core": "10.0.101"
        }
      },
      "Microsoft.Maui.Core": {
        "type": "Transitive",
        "resolved": "10.0.101",
        "contentHash": "RL7KguQE/JcDSnR0b4+r/7ql4Zhp/1n0e5iE+z1n5EYC8Ty1lr5slG5rdAOiMTWI5K9fWaHFcJqsuADract5uQ==",
        "dependencies": {
          "Microsoft.Extensions.Configuration": "10.0.0",
          "Microsoft.Extensions.DependencyInjection": "10.0.0",
          "Microsoft.Extensions.Hosting.Abstractions": "10.0.0",
          "Microsoft.Extensions.Logging": "10.0.0",
          "Microsoft.Extensions.Logging.Abstractions": "10.0.0",
          "Microsoft.Graphics.Win2D": "1.4.0",
          "Microsoft.Maui.Essentials": "10.0.101",
          "Microsoft.Maui.Graphics": "10.0.101",
          "Microsoft.Maui.Graphics.Win2D.WinUI.Desktop": "10.0.101",
          "Microsoft.Web.WebView2": "1.0.3179.45",
          "Microsoft.Windows.SDK.BuildTools": "10.0.26100.8249",
          "Microsoft.WindowsAppSDK": "1.8.260529003"
        }
      },
      "Microsoft.Maui.Essentials": {
        "type": "Transitive",
        "resolved": "10.0.101",
        "contentHash": "u8cPWwp6LJXuAutyyLbDXAcejB5GjzxNY4wzc/pu3dMLSRAimuX3xZBafbMhkbSiNiROondtedWZWE3FIRbi7A==",
        "dependencies": {
          "Microsoft.Maui.Graphics": "10.0.101",
          "Microsoft.Web.WebView2": "1.0.3179.45",
          "Microsoft.WindowsAppSDK": "1.8.260529003"
        }
      },
      "Microsoft.Maui.Graphics": {
        "type": "Transitive",
        "resolved": "10.0.101",
        "contentHash": "Ydtb8Q9MSd8MTJd5IVV+Ef3NPmkpTM2mAMZkWGcpzXzE5tmtL6T/XSh+GFOQb0sp2+X6yKzStnAkge7okVPqwg==",
        "dependencies": {
          "Microsoft.Graphics.Win2D": "1.4.0",
          "Microsoft.IO.RecyclableMemoryStream": "3.0.1",
          "Microsoft.WindowsAppSDK": "1.8.260529003"
        }
      },
      "Microsoft.Maui.Graphics.Win2D.WinUI.Desktop": {
        "type": "Transitive",
        "resolved": "10.0.101",
        "contentHash": "64wXYlRfu4ntv5gZyBHouWIktj0XLsq+Cq3bp/yW1v/CASlH+b90BwB3T5jJDZ+e5FKKDH8693OIFd9M9HMoNA==",
        "dependencies": {
          "Microsoft.Graphics.Win2D": "1.4.0",
          "Microsoft.Maui.Graphics": "10.0.101",
          "Microsoft.WindowsAppSDK": "1.8.260529003"
        }
      },
      "Microsoft.Maui.Resizetizer": {
        "type": "Transitive",
        "resolved": "10.0.101",
        "contentHash": "sgaFCRT2K9X8CAfn4YLucteQKydt/SgJY9jGEa1Ypoud/ZLA47fU5IAICCmbIzdWJHx7V4DEta7cCzyxH65Uqw=="
      },
      "Microsoft.Windows.SDK.BuildTools": {
        "type": "Transitive",
        "resolved": "10.0.26100.8249",
        "contentHash": "WJ+X+fVbBcZFc5q1MufkqBNjeMqWUblbG6PmijNG0tMVt+VXdE5cdaD30dbZ90RwUTidbjxv/tmgovl5czLlrg=="
      },
      "Microsoft.Windows.SDK.BuildTools.MSIX": {
        "type": "Transitive",
        "resolved": "1.7.20250829.1",
        "contentHash": "IMdvRmCIZnBS5GkYnv0po1bcx6U1OF39pqA4TphQ9evDzpCRoSE19/PkDvlUNNrBavTsLIEJgd/TAIFner75ow=="
      },
      "Microsoft.WindowsAppSDK": {
        "type": "Transitive",
        "resolved": "1.8.260529003",
        "contentHash": "KdHP8LqgzpYlPdXtUQUeqkvihgmiZ9M2XoG7n53m91H9zx3GvW7lSqPJmuYnlnIU41m1+ZNcjoxqXdQh5HdEJg==",
        "dependencies": {
          "Microsoft.WindowsAppSDK.AI": "[1.8.76]",
          "Microsoft.WindowsAppSDK.Base": "[1.8.251216001]",
          "Microsoft.WindowsAppSDK.DWrite": "[1.8.25122902]",
          "Microsoft.WindowsAppSDK.Foundation": "[1.8.260527000]",
          "Microsoft.WindowsAppSDK.InteractiveExperiences": "[1.8.260525001]",
          "Microsoft.WindowsAppSDK.ML": "[1.8.2197]",
          "Microsoft.WindowsAppSDK.Runtime": "[1.8.260529003]",
          "Microsoft.WindowsAppSDK.Widgets": "[1.8.251231004]",
          "Microsoft.WindowsAppSDK.WinUI": "[1.8.260528001]"
        }
      },
      "Microsoft.WindowsAppSDK.AI": {
        "type": "Transitive",
        "resolved": "1.8.76",
        "contentHash": "Ayn9QybcwzH+c8eQlE7dm2oO3Jrcn2uohLcsHJpCbLOAfcisjzwtSBe0oyulbaJ86R4eDSX3RDS25tsjGpIqyQ==",
        "dependencies": {
          "Microsoft.WindowsAppSDK.Base": "1.8.251216001",
          "Microsoft.WindowsAppSDK.Foundation": "1.8.260501000"
        }
      },
      "Microsoft.WindowsAppSDK.Base": {
        "type": "Transitive",
        "resolved": "1.8.251216001",
        "contentHash": "PS1wriuFknz3W2F2P/e6RvOTM35w89Lsj/f0QmUEPrJjKnc+jM0JLX1vfdytI14y1gNRUTm9uclwP0aH/SVU5w==",
        "dependencies": {
          "Microsoft.Windows.SDK.BuildTools": "10.0.26100.4654",
          "Microsoft.Windows.SDK.BuildTools.MSIX": "1.7.20250829.1"
        }
      },
      "Microsoft.WindowsAppSDK.DWrite": {
        "type": "Transitive",
        "resolved": "1.8.25122902",
        "contentHash": "zFNn07i7Cyz62Y8FnPQAyzeZK7ww3m9t42i9pzy4C04pNbyUDQ4fG7pB6VSh6n4EyFuYtuFQuDzt4mKmXFrkrg==",
        "dependencies": {
          "Microsoft.WindowsAppSDK.Base": "1.8.251216001"
        }
      },
      "Microsoft.WindowsAppSDK.Foundation": {
        "type": "Transitive",
        "resolved": "1.8.260527000",
        "contentHash": "zS6YwSkF+0z9Dr6iDoo/Rzh2bjt7DY3sQ0HNUrakcFwofW2DQJQPZj+36sx/An4Ms4X4EIah8QC318p2kfy/6Q==",
        "dependencies": {
          "Microsoft.WindowsAppSDK.Base": "1.8.251216001",
          "Microsoft.WindowsAppSDK.InteractiveExperiences": "1.8.260525001"
        }
      },
      "Microsoft.WindowsAppSDK.InteractiveExperiences": {
        "type": "Transitive",
        "resolved": "1.8.260525001",
        "contentHash": "dqURBXVIFFGje61D1T4rIgFl36Ch7SmAb88NVgObc3cwHDgjRUF0DfL5gK1TOZg3HYg/roTHqb0jSn/8FkCN8w==",
        "dependencies": {
          "Microsoft.WindowsAppSDK.Base": "1.8.251216001"
        }
      },
      "Microsoft.WindowsAppSDK.ML": {
        "type": "Transitive",
        "resolved": "1.8.2197",
        "contentHash": "6Bc1SOLd5HicY3GbF+zr76YBfH4iZOKeEGxTK/lHKAK2ExZTWavOADxB2CKSi/irF4dWSngUdRFopWPmckJ6fA==",
        "dependencies": {
          "Microsoft.WindowsAppSDK.Base": "1.8.251216001",
          "Microsoft.WindowsAppSDK.Foundation": "1.8.260505001",
          "System.Numerics.Tensors": "9.0.0"
        }
      },
      "Microsoft.WindowsAppSDK.Runtime": {
        "type": "Transitive",
        "resolved": "1.8.260529003",
        "contentHash": "VAVOtE30SaOlxBedxQe4x5adPWJtA1IyYMokWh8G+r71Ksbtr3tFvhErbaDAFGmNQEyUXhPKtIu6NFaHVFCorA==",
        "dependencies": {
          "Microsoft.WindowsAppSDK.Base": "1.8.251216001"
        }
      },
      "Microsoft.WindowsAppSDK.Widgets": {
        "type": "Transitive",
        "resolved": "1.8.251231004",
        "contentHash": "bIWqQYR8DCoB1SoPOMil5AtgtkTn438wJTdpsHgyO/6o7Eh7PMP5BzrR0KbDsFqy+4LhPWQ4vtwko5k93fECcA==",
        "dependencies": {
          "Microsoft.WindowsAppSDK.Base": "1.8.251216001"
        }
      },
      "Microsoft.WindowsAppSDK.WinUI": {
        "type": "Transitive",
        "resolved": "1.8.260528001",
        "contentHash": "E4Q2NhfpPrQsaOfYbnsnaw7Ryn7EqM7/xDQyrMoBgSGW8K6aPvhMvyxeqJ8UmwUDragvycFbPLLw9vM9/1yZpQ==",
        "dependencies": {
          "Microsoft.Web.WebView2": "1.0.3179.45",
          "Microsoft.WindowsAppSDK.Base": "1.8.251216001",
          "Microsoft.WindowsAppSDK.Foundation": "1.8.260527000",
          "Microsoft.WindowsAppSDK.InteractiveExperiences": "1.8.260525001"
        }
      },
      "System.Numerics.Tensors": {
        "type": "Transitive",
        "resolved": "9.0.0",
        "contentHash": "hyJB4UlpAi19Xr9AXzu2NuagKC4lPfHObNMEAA0HmqFz2rX7wKgzeYzO/jM/eBHDhnUGFFEjk5cOoJaxqg5J4A=="
      },
      "omnieurope.blazor": {
        "type": "Project",
        "dependencies": {
          "HtmlSanitizer": "[9.2.1039, )",
          "Microsoft.AspNetCore.Components.Web": "[10.0.12, )",
          "Microsoft.Extensions.Localization": "[10.0.12, )"
        }
      },
      "HtmlSanitizer": {
        "type": "CentralTransitive",
        "requested": "[9.2.1039, )",
        "resolved": "9.2.1039",
        "contentHash": "PKxy1hYknAij8YlHCC2a9GSqzUd4bh3IvY+abJBvOH1FKcZpbyafEHtdFcXQBt12Y7hNPkNEOP6Qa7uKNSs/yA==",
        "dependencies": {
          "AngleSharp": "1.7.2",
          "AngleSharp.Css": "1.0.2"
        }
      },
      "Microsoft.AspNetCore.Components.Web": {
        "type": "CentralTransitive",
        "requested": "[10.0.12, )",
        "resolved": "10.0.12",
        "contentHash": "VFmcGnah8P8uxJ+/olJgw0e3IX6THGmxqKH+5E7K/kRKjcLXIYNTKsE4EyiJG8AjtxH65aKNUsobpI4Zqc6hmg==",
        "dependencies": {
          "Microsoft.AspNetCore.Components": "10.0.12",
          "Microsoft.AspNetCore.Components.Forms": "10.0.12",
          "Microsoft.Extensions.DependencyInjection": "10.0.12",
          "Microsoft.Extensions.Primitives": "10.0.12",
          "Microsoft.JSInterop": "10.0.12"
        }
      },
      "Microsoft.Extensions.Localization": {
        "type": "CentralTransitive",
        "requested": "[10.0.12, )",
        "resolved": "10.0.12",
        "contentHash": "xRUC4uO2SBZ2PCx5mSoJIW1c9mFPZSLjxTPe6TGNDstRatDU1LiPcjafu4PQ/3re7OijDwGvvfIgRNT3wh8Drw==",
        "dependencies": {
          "Microsoft.Extensions.DependencyInjection.Abstractions": "10.0.12",
          "Microsoft.Extensions.Localization.Abstractions": "10.0.12",
          "Microsoft.Extensions.Logging.Abstractions": "10.0.12",
          "Microsoft.Extensions.Options": "10.0.12"
        }
      }
    },
    "net10.0-windows10.0.19041/win-x64": {
      "Microsoft.Web.WebView2": {
        "type": "Direct",
        "requested": "[1.0.4191.47, )",
        "resolved": "1.0.4191.47",
        "contentHash": "Snb6mlTpuz6ZFjWMwIdg28Xp6kAUMy3zaLUyGbFSaw+/AJKlwoX8EiaWJ1eUMfKyJHksPkFjJHl1LIB7kX+0AQ=="
      },
      "Microsoft.Graphics.Win2D": {
        "type": "Transitive",
        "resolved": "1.4.0",
        "contentHash": "/04yyf3xEOxeBK+SXxGB6OYLjXBVuujcLQF04mREcRcBT59IMI+oDbXOZZG2c/mJL8kKFC8r3wqz6MyA6IP3oA==",
        "dependencies": {
          "Microsoft.WindowsAppSDK.WinUI": "1.8.260204000"
        }
      },
      "Microsoft.WindowsAppSDK.Foundation": {
        "type": "Transitive",
        "resolved": "1.8.260527000",
        "contentHash": "zS6YwSkF+0z9Dr6iDoo/Rzh2bjt7DY3sQ0HNUrakcFwofW2DQJQPZj+36sx/An4Ms4X4EIah8QC318p2kfy/6Q==",
        "dependencies": {
          "Microsoft.WindowsAppSDK.Base": "1.8.251216001",
          "Microsoft.WindowsAppSDK.InteractiveExperiences": "1.8.260525001"
        }
      }
    }
  }
}